lockfileVersion: '9.0'

settings:
  autoInstallPeers: true
  excludeLinksFromLockfile: false

importers:

  .:
    dependencies:
      colors:
        specifier: ^1.4.0
        version: 1.4.0
      prettier:
        specifier: ^3.3.3
        version: 3.3.3

packages:

  colors@1.4.0:
    resolution: {integrity: sha512-a+UqTh4kgZg/SlGvfbzDHpgRu7AAQOmmqRHJnxhRZICKFUT91brVhNNt58CMWU9PsBbv3PDCZUHbVxuDiH2mtA==}
    engines: {node: '>=0.1.90'}

  prettier@3.3.3:
    resolution: {integrity: sha512-i2tDNA0O5IrMO757lfrdQZCc2jPNDVntV0m/+4whiDfWaTKfMNgR7Qz0NAeGz/nRqF4m5/6CLzbP4/liHt12Ew==}
    engines: {node: '>=14'}
    hasBin: true

snapshots:

  colors@1.4.0: {}

  prettier@3.3.3: {}
